
Microsoft Visual Studio Solution File, Format Version 12.00
# Visual Studio Version 16
VisualStudioVersion = 16.0.31321.278
MinimumVisualStudioVersion = 10.0.40219.1
Project("{9A19103F-16F7-4668-BE54-9A1E7A4F7556}") = "StocksApp.Server", "StocksApp\Server\StocksApp.Server.csproj", "{C8472D5B-D290-4203-8B73-D1065E7F763F}"
EndProject
Project("{9A19103F-16F7-4668-BE54-9A1E7A4F7556}") = "StocksApp.Client", "StocksApp\Client\StocksApp.Client.csproj", "{7EA44CB8-255F-4647-885D-41341B16B430}"
EndProject
Project("{9A19103F-16F7-4668-BE54-9A1E7A4F7556}") = "StocksApp.Shared", "StocksApp\Shared\StocksApp.Shared.csproj", "{DA602664-9DBD-4911-AC82-3997DC4606AD}"
EndProject
Global
	GlobalSection(SolutionConfigurationPlatforms) = preSolution
		Debug|Any CPU = Debug|Any CPU
		Release|Any CPU = Release|Any CPU
	EndGlobalSection
	GlobalSection(ProjectConfigurationPlatforms) = postSolution
		{C8472D5B-D290-4203-8B73-D1065E7F763F}.Debug|Any CPU.ActiveCfg = Debug|Any CPU
		{C8472D5B-D290-4203-8B73-D1065E7F763F}.Debug|Any CPU.Build.0 = Debug|Any CPU
		{C8472D5B-D290-4203-8B73-D1065E7F763F}.Release|Any CPU.ActiveCfg = Release|Any CPU
		{C8472D5B-D290-4203-8B73-D1065E7F763F}.Release|Any CPU.Build.0 = Release|Any CPU
		{7EA44CB8-255F-4647-885D-41341B16B430}.Debug|Any CPU.ActiveCfg = Debug|Any CPU
		{7EA44CB8-255F-4647-885D-41341B16B430}.Debug|Any CPU.Build.0 = Debug|Any CPU
		{7EA44CB8-255F-4647-885D-41341B16B430}.Release|Any CPU.ActiveCfg = Release|Any CPU
		{7EA44CB8-255F-4647-885D-41341B16B430}.Release|Any CPU.Build.0 = Release|Any CPU
		{DA602664-9DBD-4911-AC82-3997DC4606AD}.Debug|Any CPU.ActiveCfg = Debug|Any CPU
		{DA602664-9DBD-4911-AC82-3997DC4606AD}.Debug|Any CPU.Build.0 = Debug|Any CPU
		{DA602664-9DBD-4911-AC82-3997DC4606AD}.Release|Any CPU.ActiveCfg = Release|Any CPU
		{DA602664-9DBD-4911-AC82-3997DC4606AD}.Release|Any CPU.Build.0 = Release|Any CPU
	EndGlobalSection
	GlobalSection(SolutionProperties) = preSolution
		HideSolutionNode = FALSE
	EndGlobalSection
	GlobalSection(ExtensibilityGlobals) = postSolution
		SolutionGuid = {9283607A-1369-4393-99EC-2AB3770DF0E6}
	EndGlobalSection
EndGlobal
